
Microsoft Visual Studio Solution File, Format Version 12.00
# Visual Studio Version 17
VisualStudioVersion = 17.4.33205.214
MinimumVisualStudioVersion = 10.0.40219.1
Project("{FAE04EC0-301F-11D3-BF4B-00C04F79EFBC}") = "APIBenchmark", "APIBenchmark\APIBenchmark.csproj", "{536E8077-EDE2-4177-92AA-EB1BF916E92D}"
EndProject
Global
	GlobalSection(SolutionConfigurationPlatforms) = preSolution
		Debug|Any CPU = Debug|Any CPU
		Release|Any CPU = Release|Any CPU
	EndGlobalSection
	GlobalSection(ProjectConfigurationPlatforms) = postSolution
		{536E8077-EDE2-4177-92AA-EB1BF916E92D}.Debug|Any CPU.ActiveCfg = Debug|Any CPU
		{536E8077-EDE2-4177-92AA-EB1BF916E92D}.Debug|Any CPU.Build.0 = Debug|Any CPU
		{536E8077-EDE2-4177-92AA-EB1BF916E92D}.Release|Any CPU.ActiveCfg = Release|Any CPU
		{536E8077-EDE2-4177-92AA-EB1BF916E92D}.Release|Any CPU.Build.0 = Release|Any CPU
	EndGlobalSection
	GlobalSection(SolutionProperties) = preSolution
		HideSolutionNode = FALSE
	EndGlobalSection
	GlobalSection(ExtensibilityGlobals) = postSolution
		SolutionGuid = {8EF80498-EA2B-4C22-A7E1-406F3FD1B1BD}
	EndGlobalSection
EndGlobal
